
Microsoft Visual Studio Solution File, Format Version 12.00
# Visual Studio Version 17
VisualStudioVersion = 17.5.33516.290
MinimumVisualStudioVersion = 10.0.40219.1
Project("{FAE04EC0-301F-11D3-BF4B-00C04F79EFBC}") = "BookAppOne.App", "BookAppOne.App\BookAppOne.App.csproj", "{4BD97087-D4F9-4B0D-94AE-65DD688D9E25}"
EndProject
Project("{FAE04EC0-301F-11D3-BF4B-00C04F79EFBC}") = "BookAppOne.Core", "BookAppOne.Core\BookAppOne.Core.csproj", "{010804EC-4562-4118-8231-138427401A0E}"
EndProject
Global
	GlobalSection(SolutionConfigurationPlatforms) = preSolution
		Debug|Any CPU = Debug|Any CPU
		Release|Any CPU = Release|Any CPU
	EndGlobalSection
	GlobalSection(ProjectConfigurationPlatforms) = postSolution
		{4BD97087-D4F9-4B0D-94AE-65DD688D9E25}.Debug|Any CPU.ActiveCfg = Debug|Any CPU
		{4BD97087-D4F9-4B0D-94AE-65DD688D9E25}.Debug|Any CPU.Build.0 = Debug|Any CPU
		{4BD97087-D4F9-4B0D-94AE-65DD688D9E25}.Release|Any CPU.ActiveCfg = Release|Any CPU
		{4BD97087-D4F9-4B0D-94AE-65DD688D9E25}.Release|Any CPU.Build.0 = Release|Any CPU
		{010804EC-4562-4118-8231-138427401A0E}.Debug|Any CPU.ActiveCfg = Debug|Any CPU
		{010804EC-4562-4118-8231-138427401A0E}.Debug|Any CPU.Build.0 = Debug|Any CPU
		{010804EC-4562-4118-8231-138427401A0E}.Release|Any CPU.ActiveCfg = Release|Any CPU
		{010804EC-4562-4118-8231-138427401A0E}.Release|Any CPU.Build.0 = Release|Any CPU
	EndGlobalSection
	GlobalSection(SolutionProperties) = preSolution
		HideSolutionNode = FALSE
	EndGlobalSection
	GlobalSection(ExtensibilityGlobals) = postSolution
		SolutionGuid = {91916851-7A64-4DAF-BFA9-40DA23B33785}
	EndGlobalSection
EndGlobal
